
Microsoft Visual Studio Solution File, Format Version 12.00
# Visual Studio Version 17
VisualStudioVersion = 17.8.34330.188
MinimumVisualStudioVersion = 10.0.40219.1
Project("{FAE04EC0-301F-11D3-BF4B-00C04F79EFBC}") = "acompanhar_pedido", "acompanhar_pedido\acompanhar_pedido.csproj", "{17DFCC02-6F54-4AAC-91C5-F78C0CB616C3}"
EndProject
Global
	GlobalSection(SolutionConfigurationPlatforms) = preSolution
		Debug|Any CPU = Debug|Any CPU
		Release|Any CPU = Release|Any CPU
	EndGlobalSection
	GlobalSection(ProjectConfigurationPlatforms) = postSolution
		{17DFCC02-6F54-4AAC-91C5-F78C0CB616C3}.Debug|Any CPU.ActiveCfg = Debug|Any CPU
		{17DFCC02-6F54-4AAC-91C5-F78C0CB616C3}.Debug|Any CPU.Build.0 = Debug|Any CPU
		{17DFCC02-6F54-4AAC-91C5-F78C0CB616C3}.Release|Any CPU.ActiveCfg = Release|Any CPU
		{17DFCC02-6F54-4AAC-91C5-F78C0CB616C3}.Release|Any CPU.Build.0 = Release|Any CPU
	EndGlobalSection
	GlobalSection(SolutionProperties) = preSolution
		HideSolutionNode = FALSE
	EndGlobalSection
	GlobalSection(ExtensibilityGlobals) = postSolution
		SolutionGuid = {4CDD00E6-5590-4DB9-A602-12C34B9E9565}
	EndGlobalSection
EndGlobal
